github.com/uh-zz/toha/v4 v4.0.6 h1:7nDksusgu/LMd0mrRqa4mqpa8Hlh7Wj+yuFV1lIONCs=
github.com/uh-zz/toha/v4 v4.0.6/go.mod h1:9VNdMBKrBsMgBldUGOzy0iWw8em0wXVbEYN3J5IXfvs=
github.com/uh-zz/toha/v4 v4.0.7 h1:qHkeHJ+YxBQETjBnjn9++QiHORxEIq6JGLiZKaBB3cQ=
github.com/uh-zz/toha/v4 v4.0.7/go.mod h1:9VNdMBKrBsMgBldUGOzy0iWw8em0wXVbEYN3J5IXfvs=
